
Microsoft Visual Studio Solution File, Format Version 12.00
# Visual Studio Version 16
VisualStudioVersion = 16.0.31424.327
MinimumVisualStudioVersion = 10.0.40219.1
Project("{8BC9CEB8-8B4A-11D0-8D11-00A0C91BC942}") = "FindData", "FindData\FindData.vcxproj", "{A0B43EEF-503F-48DE-A8C7-EDD0CDFE3A63}"
	ProjectSection(ProjectDependencies) = postProject
		{63C1FACD-74DE-487D-9403-8BA4A6B573CF} = {63C1FACD-74DE-487D-9403-8BA4A6B573CF}
	EndProjectSection
EndProject
Project("{8BC9CEB8-8B4A-11D0-8D11-00A0C91BC942}") = "MemoryAnalyzer", "MemoryAnalyzer\MemoryAnalyzer.vcxproj", "{17C79B2B-FDB2-4E90-A00B-B6B06AC37579}"
EndProject
Project("{8BC9CEB8-8B4A-11D0-8D11-00A0C91BC942}") = "Utils", "Utils\Utils.vcxproj", "{63C1FACD-74DE-487D-9403-8BA4A6B573CF}"
EndProject
Project("{8BC9CEB8-8B4A-11D0-8D11-00A0C91BC942}") = "SakuraTaisen", "SakuraTaisen\SakuraTaisen.vcxproj", "{956B4F06-D543-42AE-8580-BA37A85ADE39}"
	ProjectSection(ProjectDependencies) = postProject
		{63C1FACD-74DE-487D-9403-8BA4A6B573CF} = {63C1FACD-74DE-487D-9403-8BA4A6B573CF}
	EndProjectSection
EndProject
Project("{8BC9CEB8-8B4A-11D0-8D11-00A0C91BC942}") = "BinPatcher", "BinPatcher\BinPatcher.vcxproj", "{6445D5EE-3E5F-492E-BBE1-903884F7852B}"
EndProject
Project("{8BC9CEB8-8B4A-11D0-8D11-00A0C91BC942}") = "YabauseMednafenSaveConverter", "YabuseMednafenSaveConverter\YabuseMednafenSaveConverter.vcxproj", "{710D6032-358B-4BDE-9025-75F8082803AE}"
EndProject
Project("{8BC9CEB8-8B4A-11D0-8D11-00A0C91BC942}") = "SakuraTaisen2", "SakuraTaisen2\SakuraTaisen2.vcxproj", "{68B2DC37-96A5-4E8C-BBB4-25ADEDC1528A}"
	ProjectSection(ProjectDependencies) = postProject
		{63C1FACD-74DE-487D-9403-8BA4A6B573CF} = {63C1FACD-74DE-487D-9403-8BA4A6B573CF}
	EndProjectSection
EndProject
Project("{8BC9CEB8-8B4A-11D0-8D11-00A0C91BC942}") = "DragonForce", "DragonForce\DragonForce.vcxproj", "{70274296-5AA3-447B-BC0F-29850D58C46E}"
EndProject
Global
	GlobalSection(SolutionConfigurationPlatforms) = preSolution
		Debug|x64 = Debug|x64
		Debug|x86 = Debug|x86
		Release|x64 = Release|x64
		Release|x86 = Release|x86
	EndGlobalSection
	GlobalSection(ProjectConfigurationPlatforms) = postSolution
		{A0B43EEF-503F-48DE-A8C7-EDD0CDFE3A63}.Debug|x64.ActiveCfg = Debug|x64
		{A0B43EEF-503F-48DE-A8C7-EDD0CDFE3A63}.Debug|x86.ActiveCfg = Debug|Win32
		{A0B43EEF-503F-48DE-A8C7-EDD0CDFE3A63}.Debug|x86.Build.0 = Debug|Win32
		{A0B43EEF-503F-48DE-A8C7-EDD0CDFE3A63}.Release|x64.ActiveCfg = Release|x64
		{A0B43EEF-503F-48DE-A8C7-EDD0CDFE3A63}.Release|x64.Build.0 = Release|x64
		{A0B43EEF-503F-48DE-A8C7-EDD0CDFE3A63}.Release|x86.ActiveCfg = Release|Win32
		{A0B43EEF-503F-48DE-A8C7-EDD0CDFE3A63}.Release|x86.Build.0 = Release|Win32
		{17C79B2B-FDB2-4E90-A00B-B6B06AC37579}.Debug|x64.ActiveCfg = Debug|x64
		{17C79B2B-FDB2-4E90-A00B-B6B06AC37579}.Debug|x86.ActiveCfg = Debug|Win32
		{17C79B2B-FDB2-4E90-A00B-B6B06AC37579}.Debug|x86.Build.0 = Debug|Win32
		{17C79B2B-FDB2-4E90-A00B-B6B06AC37579}.Release|x64.ActiveCfg = Release|x64
		{17C79B2B-FDB2-4E90-A00B-B6B06AC37579}.Release|x64.Build.0 = Release|x64
		{17C79B2B-FDB2-4E90-A00B-B6B06AC37579}.Release|x86.ActiveCfg = Release|Win32
		{17C79B2B-FDB2-4E90-A00B-B6B06AC37579}.Release|x86.Build.0 = Release|Win32
		{63C1FACD-74DE-487D-9403-8BA4A6B573CF}.Debug|x64.ActiveCfg = Debug|x64
		{63C1FACD-74DE-487D-9403-8BA4A6B573CF}.Debug|x64.Build.0 = Debug|x64
		{63C1FACD-74DE-487D-9403-8BA4A6B573CF}.Debug|x86.ActiveCfg = Debug|Win32
		{63C1FACD-74DE-487D-9403-8BA4A6B573CF}.Debug|x86.Build.0 = Debug|Win32
		{63C1FACD-74DE-487D-9403-8BA4A6B573CF}.Release|x64.ActiveCfg = Release|x64
		{63C1FACD-74DE-487D-9403-8BA4A6B573CF}.Release|x64.Build.0 = Release|x64
		{63C1FACD-74DE-487D-9403-8BA4A6B573CF}.Release|x86.ActiveCfg = Release|Win32
		{63C1FACD-74DE-487D-9403-8BA4A6B573CF}.Release|x86.Build.0 = Release|Win32
		{956B4F06-D543-42AE-8580-BA37A85ADE39}.Debug|x64.ActiveCfg = Debug|x64
		{956B4F06-D543-42AE-8580-BA37A85ADE39}.Debug|x86.ActiveCfg = Debug|Win32
		{956B4F06-D543-42AE-8580-BA37A85ADE39}.Debug|x86.Build.0 = Debug|Win32
		{956B4F06-D543-42AE-8580-BA37A85ADE39}.Release|x64.ActiveCfg = Release|x64
		{956B4F06-D543-42AE-8580-BA37A85ADE39}.Release|x64.Build.0 = Release|x64
		{956B4F06-D543-42AE-8580-BA37A85ADE39}.Release|x86.ActiveCfg = Release|Win32
		{956B4F06-D543-42AE-8580-BA37A85ADE39}.Release|x86.Build.0 = Release|Win32
		{6445D5EE-3E5F-492E-BBE1-903884F7852B}.Debug|x64.ActiveCfg = Debug|x64
		{6445D5EE-3E5F-492E-BBE1-903884F7852B}.Debug|x86.ActiveCfg = Debug|Win32
		{6445D5EE-3E5F-492E-BBE1-903884F7852B}.Debug|x86.Build.0 = Debug|Win32
		{6445D5EE-3E5F-492E-BBE1-903884F7852B}.Release|x64.ActiveCfg = Release|x64
		{6445D5EE-3E5F-492E-BBE1-903884F7852B}.Release|x64.Build.0 = Release|x64
		{6445D5EE-3E5F-492E-BBE1-903884F7852B}.Release|x86.ActiveCfg = Release|Win32
		{6445D5EE-3E5F-492E-BBE1-903884F7852B}.Release|x86.Build.0 = Release|Win32
		{710D6032-358B-4BDE-9025-75F8082803AE}.Debug|x64.ActiveCfg = Debug|x64
		{710D6032-358B-4BDE-9025-75F8082803AE}.Debug|x86.ActiveCfg = Debug|Win32
		{710D6032-358B-4BDE-9025-75F8082803AE}.Debug|x86.Build.0 = Debug|Win32
		{710D6032-358B-4BDE-9025-75F8082803AE}.Release|x64.ActiveCfg = Release|x64
		{710D6032-358B-4BDE-9025-75F8082803AE}.Release|x64.Build.0 = Release|x64
		{710D6032-358B-4BDE-9025-75F8082803AE}.Release|x86.ActiveCfg = Release|Win32
		{710D6032-358B-4BDE-9025-75F8082803AE}.Release|x86.Build.0 = Release|Win32
		{68B2DC37-96A5-4E8C-BBB4-25ADEDC1528A}.Debug|x64.ActiveCfg = Debug|x64
		{68B2DC37-96A5-4E8C-BBB4-25ADEDC1528A}.Debug|x64.Build.0 = Debug|x64
		{68B2DC37-96A5-4E8C-BBB4-25ADEDC1528A}.Debug|x86.ActiveCfg = Debug|Win32
		{68B2DC37-96A5-4E8C-BBB4-25ADEDC1528A}.Debug|x86.Build.0 = Debug|Win32
		{68B2DC37-96A5-4E8C-BBB4-25ADEDC1528A}.Release|x64.ActiveCfg = Release|x64
		{68B2DC37-96A5-4E8C-BBB4-25ADEDC1528A}.Release|x64.Build.0 = Release|x64
		{68B2DC37-96A5-4E8C-BBB4-25ADEDC1528A}.Release|x86.ActiveCfg = Release|Win32
		{68B2DC37-96A5-4E8C-BBB4-25ADEDC1528A}.Release|x86.Build.0 = Release|Win32
		{70274296-5AA3-447B-BC0F-29850D58C46E}.Debug|x64.ActiveCfg = Debug|x64
		{70274296-5AA3-447B-BC0F-29850D58C46E}.Debug|x64.Build.0 = Debug|x64
		{70274296-5AA3-447B-BC0F-29850D58C46E}.Debug|x86.ActiveCfg = Debug|Win32
		{70274296-5AA3-447B-BC0F-29850D58C46E}.Debug|x86.Build.0 = Debug|Win32
		{70274296-5AA3-447B-BC0F-29850D58C46E}.Release|x64.ActiveCfg = Release|x64
		{70274296-5AA3-447B-BC0F-29850D58C46E}.Release|x64.Build.0 = Release|x64
		{70274296-5AA3-447B-BC0F-29850D58C46E}.Release|x86.ActiveCfg = Release|Win32
		{70274296-5AA3-447B-BC0F-29850D58C46E}.Release|x86.Build.0 = Release|Win32
	EndGlobalSection
	GlobalSection(SolutionProperties) = preSolution
		HideSolutionNode = FALSE
	EndGlobalSection
	GlobalSection(ExtensibilityGlobals) = postSolution
		SolutionGuid = {4BA38190-5BB3-49E3-9EE5-E6F29B633278}
	EndGlobalSection
EndGlobal
