<?xml version="1.0" encoding="utf-8"?>
<Project ToolsVersion="4.0" xmlns="http://schemas.microsoft.com/developer/msbuild/2003">
  <ItemGroup>
    <Filter Include="Source Files">
      <UniqueIdentifier>{4FC737F1-C7A5-4376-A066-2A32D752A2FF}</UniqueIdentifier>
      <Extensions>cpp;c;cc;cxx;def;odl;idl;hpj;bat;asm;asmx</Extensions>
    </Filter>
    <Filter Include="Header Files">
      <UniqueIdentifier>{93995380-89BD-4b04-88EB-625FBE52EBFB}</UniqueIdentifier>
      <Extensions>h;hh;hpp;hxx;hm;inl;inc;xsd</Extensions>
    </Filter>
    <Filter Include="Resource Files">
      <UniqueIdentifier>{67DA6AB6-F800-4c08-8B7A-83BB121AAD01}</UniqueIdentifier>
      <Extensions>rc;ico;cur;bmp;dlg;rc2;rct;bin;rgs;gif;jpg;jpeg;jpe;resx;tiff;tif;png;wav;mfcribbon-ms</Extensions>
    </Filter>
  </ItemGroup>
  <ItemGroup>
    <ClCompile Include="SakuraTaisen2.cpp">
      <Filter>Source Files</Filter>
    </ClCompile>
  </ItemGroup>
  <ItemGroup>
    <ClInclude Include="Source\SakuraTextFile.h">
      <Filter>Header Files</Filter>
    </ClInclude>
    <ClInclude Include="Source\SakuraString.h">
      <Filter>Header Files</Filter>
    </ClInclude>
    <ClInclude Include="Source\SakuraConstants.h">
      <Filter>Header Files</Filter>
    </ClInclude>
    <ClInclude Include="Source\FaceWinAll.h">
      <Filter>Header Files</Filter>
    </ClInclude>
    <ClInclude Include="Source\ImageExtraction.h">
      <Filter>Header Files</Filter>
    </ClInclude>
    <ClInclude Include="Source\CreateStorySpreadhseets.h">
      <Filter>Header Files</Filter>
    </ClInclude>
    <ClInclude Include="Source\SakuraCommon.h">
      <Filter>Header Files</Filter>
    </ClInclude>
    <ClInclude Include="Source\MNameCG.h">
      <Filter>Header Files</Filter>
    </ClInclude>
    <ClInclude Include="Source\BattleMenu.h">
      <Filter>Header Files</Filter>
    </ClInclude>
    <ClInclude Include="Source\MainMenu.h">
      <Filter>Header Files</Filter>
    </ClInclude>
    <ClInclude Include="Source\InfoNameExtraction.h">
      <Filter>Header Files</Filter>
    </ClInclude>
    <ClInclude Include="Source\SysFileExtraction.h">
      <Filter>Header Files</Filter>
    </ClInclude>
    <ClInclude Include="Source\SakuraFontSheet.h">
      <Filter>Header Files</Filter>
    </ClInclude>
    <ClInclude Include="Source\CreateSysSpreadsheets.h">
      <Filter>Header Files</Filter>
    </ClInclude>
    <ClInclude Include="Source\CreateIndexFile.h">
      <Filter>Header Files</Filter>
    </ClInclude>
    <ClInclude Include="Source\MiniGameExtraction.h">
      <Filter>Header Files</Filter>
    </ClInclude>
    <ClInclude Include="CreateMinigameSpreadsheets.h\Header.h">
      <Filter>Header Files</Filter>
    </ClInclude>
    <ClInclude Include="Source\CreateMinigameSpreadsheets.h\Header.h">
      <Filter>Header Files</Filter>
    </ClInclude>
    <ClInclude Include="Source\CreateMiniGameSpreadsheets.h">
      <Filter>Header Files</Filter>
    </ClInclude>
    <ClInclude Include="Source\BatchedImageExtractor.h">
      <Filter>Header Files</Filter>
    </ClInclude>
    <ClInclude Include="Source\CreateTranslatedFontSheet.h">
      <Filter>Header Files</Filter>
    </ClInclude>
    <ClInclude Include="Source\InsertText.h">
      <Filter>Header Files</Filter>
    </ClInclude>
    <ClInclude Include="Source\PatchGame.h">
      <Filter>Header Files</Filter>
    </ClInclude>
    <ClInclude Include="Source\ExportTranslationData.h">
      <Filter>Header Files</Filter>
    </ClInclude>
    <ClInclude Include="Source\IntroScreenExtractor.h">
      <Filter>Header Files</Filter>
    </ClInclude>
    <ClInclude Include="Source\TitleScreens.h">
      <Filter>Header Files</Filter>
    </ClInclude>
    <ClInclude Include="Source\SakuraWars2Utils.h">
      <Filter>Header Files</Filter>
    </ClInclude>
    <ClInclude Include="Source\SplashScreen.h">
      <Filter>Header Files</Filter>
    </ClInclude>
    <ClInclude Include="Source\LoadScreens.h">
      <Filter>Header Files</Filter>
    </ClInclude>
    <ClInclude Include="Source\TextInImage.h">
      <Filter>Header Files</Filter>
    </ClInclude>
    <ClInclude Include="Source\TextInImageUsingFontSheet.h">
      <Filter>Header Files</Filter>
    </ClInclude>
    <ClInclude Include="Source\SysFilePatcher.h">
      <Filter>Header Files</Filter>
    </ClInclude>
    <ClInclude Include="Source\PatchBattleTextDrawCode.h">
      <Filter>Header Files</Filter>
    </ClInclude>
    <ClInclude Include="Source\ExportTranslationToFiles.h">
      <Filter>Header Files</Filter>
    </ClInclude>
    <ClInclude Include="Source\ImageColoringFunctions.h">
      <Filter>Header Files</Filter>
    </ClInclude>
    <ClInclude Include="Source\BGDatFiles.h">
      <Filter>Header Files</Filter>
    </ClInclude>
    <ClInclude Include="Source\CreateInfoNameImages.h">
      <Filter>Header Files</Filter>
    </ClInclude>
    <ClInclude Include="Source\VDP2Images.h">
      <Filter>Header Files</Filter>
    </ClInclude>
  </ItemGroup>
</Project>