<?xml version="1.0" encoding="utf-8"?>
<Project ToolsVersion="4.0" xmlns="http://schemas.microsoft.com/developer/msbuild/2003">
  <ItemGroup>
    <Filter Include="App">
      <UniqueIdentifier>{1B2C3D4E-0001-4A00-9000-000000000001}</UniqueIdentifier>
    </Filter>
    <Filter Include="Platform">
      <UniqueIdentifier>{1B2C3D4E-0002-4A00-9000-000000000002}</UniqueIdentifier>
    </Filter>
    <Filter Include="Platform\Windows">
      <UniqueIdentifier>{1B2C3D4E-0003-4A00-9000-000000000003}</UniqueIdentifier>
    </Filter>
    <Filter Include="third_party\imgui">
      <UniqueIdentifier>{1B2C3D4E-0004-4A00-9000-000000000004}</UniqueIdentifier>
    </Filter>
    <Filter Include="third_party\imgui\backends">
      <UniqueIdentifier>{1B2C3D4E-0005-4A00-9000-000000000005}</UniqueIdentifier>
    </Filter>
  </ItemGroup>
  <ItemGroup>
    <ClInclude Include="src\App.h">
      <Filter>App</Filter>
    </ClInclude>
    <ClInclude Include="src\Platform\IPlatform.h">
      <Filter>Platform</Filter>
    </ClInclude>
    <ClInclude Include="Platforms\Windows\WindowsPlatform.h">
      <Filter>Platform\Windows</Filter>
    </ClInclude>
  </ItemGroup>
  <ItemGroup>
    <ClCompile Include="src\App.cpp">
      <Filter>App</Filter>
    </ClCompile>
    <ClCompile Include="Platforms\Windows\WindowsPlatform.cpp">
      <Filter>Platform\Windows</Filter>
    </ClCompile>
    <ClCompile Include="Platforms\Windows\WinMain.cpp">
      <Filter>Platform\Windows</Filter>
    </ClCompile>
    <ClCompile Include="third_party\imgui\imgui.cpp">
      <Filter>third_party\imgui</Filter>
    </ClCompile>
    <ClCompile Include="third_party\imgui\imgui_draw.cpp">
      <Filter>third_party\imgui</Filter>
    </ClCompile>
    <ClCompile Include="third_party\imgui\imgui_tables.cpp">
      <Filter>third_party\imgui</Filter>
    </ClCompile>
    <ClCompile Include="third_party\imgui\imgui_widgets.cpp">
      <Filter>third_party\imgui</Filter>
    </ClCompile>
    <ClCompile Include="third_party\imgui\imgui_demo.cpp">
      <Filter>third_party\imgui</Filter>
    </ClCompile>
    <ClCompile Include="third_party\imgui\backends\imgui_impl_win32.cpp">
      <Filter>third_party\imgui\backends</Filter>
    </ClCompile>
    <ClCompile Include="third_party\imgui\backends\imgui_impl_dx11.cpp">
      <Filter>third_party\imgui\backends</Filter>
    </ClCompile>
  </ItemGroup>
  <ItemGroup>
    <ResourceCompile Include="Platforms\Windows\SaturnExplorer.rc">
      <Filter>Platform\Windows</Filter>
    </ResourceCompile>
  </ItemGroup>
</Project>
